// !$*UTF8*$!
{
	archiveVersion = 1;
	classes = {
	};
	objectVersion = 50;
	objects = {

/* Begin PBXBuildFile section */
		18DE682F242DD10600DED407 /* AppDelegate.swift in Sources */ = {isa = PBXBuildFile; fileRef = 18DE682E242DD10600DED407 /* AppDelegate.swift */; };
		18DE6831242DD10600DED407 /* SceneDelegate.swift in Sources */ = {isa = PBXBuildFile; fileRef = 18DE6830242DD10600DED407 /* SceneDelegate.swift */; };
		18DE6833242DD10600DED407 /* ViewController.swift in Sources */ = {isa = PBXBuildFile; fileRef = 18DE6832242DD10600DED407 /* ViewController.swift */; };
		18DE6836242DD10600DED407 /* Main.storyboard in Resources */ = {isa = PBXBuildFile; fileRef = 18DE6834242DD10600DED407 /* Main.storyboard */; };
		18DE6838242DD10600DED407 /* Assets.xcassets in Resources */ = {isa = PBXBuildFile; fileRef = 18DE6837242DD10600DED407 /* Assets.xcassets */; };
		18DE683B242DD10600DED407 /* LaunchScreen.storyboard in Resources */ = {isa = PBXBuildFile; fileRef = 18DE6839242DD10600DED407 /* LaunchScreen.storyboard */; };
		18DE6846242DD10600DED407 /* XylophoneTests.swift in Sources */ = {isa = PBXBuildFile; fileRef = 18DE6845242DD10600DED407 /* XylophoneTests.swift */; };
		18DE6851242DD10600DED407 /* XylophoneUITests.swift in Sources */ = {isa = PBXBuildFile; fileRef = 18DE6850242DD10600DED407 /* XylophoneUITests.swift */; };
		18DE685F242DDADE00DED407 /* Sounds in Resources */ = {isa = PBXBuildFile; fileRef = 18DE685E242DDADE00DED407 /* Sounds */; };
/* End PBXBuildFile section */

/* Begin PBXContainerItemProxy section */
		18DE6842242DD10600DED407 /* PBXContainerItemProxy */ = {
			isa = PBXContainerItemProxy;
			containerPortal = 18DE6823242DD10600DED407 /* Project object */;
			proxyType = 1;
			remoteGlobalIDString = 18DE682A242DD10600DED407;
			remoteInfo = Xylophone;
		};
		18DE684D242DD10600DED407 /* PBXContainerItemProxy */ = {
			isa = PBXContainerItemProxy;
			containerPortal = 18DE6823242DD10600DED407 /* Project object */;
			proxyType = 1;
			remoteGlobalIDString = 18DE682A242DD10600DED407;
			remoteInfo = Xylophone;
		};
/* End PBXContainerItemProxy section */

/* Begin PBXFileReference section */
		18DE682B242DD10600DED407 /* Xylophone.app */ = {isa = PBXFileReference; explicitFileType = wrapper.application; includeInIndex = 0; path = Xylophone.app; sourceTree = BUILT_PRODUCTS_DIR; };
		18DE682E242DD10600DED407 /* AppDelegate.swift */ = {isa = PBXFileReference; lastKnownFileType = sourcecode.swift; path = AppDelegate.swift; sourceTree = "<group>"; };
		18DE6830242DD10600DED407 /* SceneDelegate.swift */ = {isa = PBXFileReference; lastKnownFileType = sourcecode.swift; path = SceneDelegate.swift; sourceTree = "<group>"; };
		18DE6832242DD10600DED407 /* ViewController.swift */ = {isa = PBXFileReference; lastKnownFileType = sourcecode.swift; path = ViewController.swift; sourceTree = "<group>"; };
		18DE6835242DD10600DED407 /* Base */ = {isa = PBXFileReference; lastKnownFileType = file.storyboard; name = Base; path = Base.lproj/Main.storyboard; sourceTree = "<group>"; };
		18DE6837242DD10600DED407 /* Assets.xcassets */ = {isa = PBXFileReference; lastKnownFileType = folder.assetcatalog; path = Assets.xcassets; sourceTree = "<group>"; };
		18DE683A242DD10600DED407 /* Base */ = {isa = PBXFileReference; lastKnownFileType = file.storyboard; name = Base; path = Base.lproj/LaunchScreen.storyboard; sourceTree = "<group>"; };
		18DE683C242DD10600DED407 /* Info.plist */ = {isa = PBXFileReference; lastKnownFileType = text.plist.xml; path = Info.plist; sourceTree = "<group>"; };
		18DE6841242DD10600DED407 /* XylophoneTests.xctest */ = {isa = PBXFileReference; explicitFileType = wrapper.cfbundle; includeInIndex = 0; path = XylophoneTests.xctest; sourceTree = BUILT_PRODUCTS_DIR; };
		18DE6845242DD10600DED407 /* XylophoneTests.swift */ = {isa = PBXFileReference; lastKnownFileType = sourcecode.swift; path = XylophoneTests.swift; sourceTree = "<group>"; };
		18DE6847242DD10600DED407 /* Info.plist */ = {isa = PBXFileReference; lastKnownFileType = text.plist.xml; path = Info.plist; sourceTree = "<group>"; };
		18DE684C242DD10600DED407 /* XylophoneUITests.xctest */ = {isa = PBXFileReference; explicitFileType = wrapper.cfbundle; includeInIndex = 0; path = XylophoneUITests.xctest; sourceTree = BUILT_PRODUCTS_DIR; };
		18DE6850242DD10600DED407 /* XylophoneUITests.swift */ = {isa = PBXFileReference; lastKnownFileType = sourcecode.swift; path = XylophoneUITests.swift; sourceTree = "<group>"; };
		18DE6852242DD10600DED407 /* Info.plist */ = {isa = PBXFileReference; lastKnownFileType = text.plist.xml; path = Info.plist; sourceTree = "<group>"; };
		18DE685E242DDADE00DED407 /* Sounds */ = {isa = PBXFileReference; lastKnownFileType = folder; path = Sounds; sourceTree = "<group>"; };
/* End PBXFileReference section */

/* Begin PBXFrameworksBuildPhase section */
		18DE6828242DD10600DED407 /* Frameworks */ = {
			isa = PBXFrameworksBuildPhase;
			buildActionMask = 2147483647;
			files = (
			);
			runOnlyForDeploymentPostprocessing = 0;
		};
		18DE683E242DD10600DED407 /* Frameworks */ = {
			isa = PBXFrameworksBuildPhase;
			buildActionMask = 2147483647;
			files = (
			);
			runOnlyForDeploymentPostprocessing = 0;
		};
		18DE6849242DD10600DED407 /* Frameworks */ = {
			isa = PBXFrameworksBuildPhase;
			buildActionMask = 2147483647;
			files = (
			);
			runOnlyForDeploymentPostprocessing = 0;
		};
/* End PBXFrameworksBuildPhase section */

/* Begin PBXGroup section */
		18DE6822242DD10600DED407 = {
			isa = PBXGroup;
			children = (
				18DE682D242DD10600DED407 /* Xylophone */,
				18DE6844242DD10600DED407 /* XylophoneTests */,
				18DE684F242DD10600DED407 /* XylophoneUITests */,
				18DE682C242DD10600DED407 /* Products */,
			);
			sourceTree = "<group>";
		};
		18DE682C242DD10600DED407 /* Products */ = {
			isa = PBXGroup;
			children = (
				18DE682B242DD10600DED407 /* Xylophone.app */,
				18DE6841242DD10600DED407 /* XylophoneTests.xctest */,
				18DE684C242DD10600DED407 /* XylophoneUITests.xctest */,
			);
			name = Products;
			sourceTree = "<group>";
		};
		18DE682D242DD10600DED407 /* Xylophone */ = {
			isa = PBXGroup;
			children = (
				18DE682E242DD10600DED407 /* AppDelegate.swift */,
				18DE6830242DD10600DED407 /* SceneDelegate.swift */,
				18DE6832242DD10600DED407 /* ViewController.swift */,
				18DE6834242DD10600DED407 /* Main.storyboard */,
				18DE6837242DD10600DED407 /* Assets.xcassets */,
				18DE6839242DD10600DED407 /* LaunchScreen.storyboard */,
				18DE683C242DD10600DED407 /* Info.plist */,
				18DE685E242DDADE00DED407 /* Sounds */,
			);
			path = Xylophone;
			sourceTree = "<group>";
		};
		18DE6844242DD10600DED407 /* XylophoneTests */ = {
			isa = PBXGroup;
			children = (
				18DE6845242DD10600DED407 /* XylophoneTests.swift */,
				18DE6847242DD10600DED407 /* Info.plist */,
			);
			path = XylophoneTests;
			sourceTree = "<group>";
		};
		18DE684F242DD10600DED407 /* XylophoneUITests */ = {
			isa = PBXGroup;
			children = (
				18DE6850242DD10600DED407 /* XylophoneUITests.swift */,
				18DE6852242DD10600DED407 /* Info.plist */,
			);
			path = XylophoneUITests;
			sourceTree = "<group>";
		};
/* End PBXGroup section */

/* Begin PBXNativeTarget section */
		18DE682A242DD10600DED407 /* Xylophone */ = {
			isa = PBXNativeTarget;
			buildConfigurationList = 18DE6855242DD10600DED407 /* Build configuration list for PBXNativeTarget "Xylophone" */;
			buildPhases = (
				18DE6827242DD10600DED407 /* Sources */,
				18DE6828242DD10600DED407 /* Frameworks */,
				18DE6829242DD10600DED407 /* Resources */,
			);
			buildRules = (
			);
			dependencies = (
			);
			name = Xylophone;
			productName = Xylophone;
			productReference = 18DE682B242DD10600DED407 /* Xylophone.app */;
			productType = "com.apple.product-type.application";
		};
		18DE6840242DD10600DED407 /* XylophoneTests */ = {
			isa = PBXNativeTarget;
			buildConfigurationList = 18DE6858242DD10600DED407 /* Build configuration list for PBXNativeTarget "XylophoneTests" */;
			buildPhases = (
				18DE683D242DD10600DED407 /* Sources */,
				18DE683E242DD10600DED407 /* Frameworks */,
				18DE683F242DD10600DED407 /* Resources */,
			);
			buildRules = (
			);
			dependencies = (
				18DE6843242DD10600DED407 /* PBXTargetDependency */,
			);
			name = XylophoneTests;
			productName = XylophoneTests;
			productReference = 18DE6841242DD10600DED407 /* XylophoneTests.xctest */;
			productType = "com.apple.product-type.bundle.unit-test";
		};
		18DE684B242DD10600DED407 /* XylophoneUITests */ = {
			isa = PBXNativeTarget;
			buildConfigurationList = 18DE685B242DD10600DED407 /* Build configuration list for PBXNativeTarget "XylophoneUITests" */;
			buildPhases = (
				18DE6848242DD10600DED407 /* Sources */,
				18DE6849242DD10600DED407 /* Frameworks */,
				18DE684A242DD10600DED407 /* Resources */,
			);
			buildRules = (
			);
			dependencies = (
				18DE684E242DD10600DED407 /* PBXTargetDependency */,
			);
			name = XylophoneUITests;
			productName = XylophoneUITests;
			productReference = 18DE684C242DD10600DED407 /* XylophoneUITests.xctest */;
			productType = "com.apple.product-type.bundle.ui-testing";
		};
/* End PBXNativeTarget section */

/* Begin PBXProject section */
		18DE6823242DD10600DED407 /* Project object */ = {
			isa = PBXProject;
			attributes = {
				LastSwiftUpdateCheck = 1140;
				LastUpgradeCheck = 1140;
				ORGANIZATIONNAME = Apple;
				TargetAttributes = {
					18DE682A242DD10600DED407 = {
						CreatedOnToolsVersion = 11.4;
					};
					18DE6840242DD10600DED407 = {
						CreatedOnToolsVersion = 11.4;
						TestTargetID = 18DE682A242DD10600DED407;
					};
					18DE684B242DD10600DED407 = {
						CreatedOnToolsVersion = 11.4;
						TestTargetID = 18DE682A242DD10600DED407;
					};
				};
			};
			buildConfigurationList = 18DE6826242DD10600DED407 /* Build configuration list for PBXProject "Xylophone" */;
			compatibilityVersion = "Xcode 9.3";
			developmentRegion = en;
			hasScannedForEncodings = 0;
			knownRegions = (
				en,
				Base,
			);
			mainGroup = 18DE6822242DD10600DED407;
			productRefGroup = 18DE682C242DD10600DED407 /* Products */;
			projectDirPath = "";
			projectRoot = "";
			targets = (
				18DE682A242DD10600DED407 /* Xylophone */,
				18DE6840242DD10600DED407 /* XylophoneTests */,
				18DE684B242DD10600DED407 /* XylophoneUITests */,
			);
		};
/* End PBXProject section */

/* Begin PBXResourcesBuildPhase section */
		18DE6829242DD10600DED407 /* Resources */ = {
			isa = PBXResourcesBuildPhase;
			buildActionMask = 2147483647;
			files = (
				18DE683B242DD10600DED407 /* LaunchScreen.storyboard in Resources */,
				18DE6838242DD10600DED407 /* Assets.xcassets in Resources */,
				18DE685F242DDADE00DED407 /* Sounds in Resources */,
				18DE6836242DD10600DED407 /* Main.storyboard in Resources */,
			);
			runOnlyForDeploymentPostprocessing = 0;
		};
		18DE683F242DD10600DED407 /* Resources */ = {
			isa = PBXResourcesBuildPhase;
			buildActionMask = 2147483647;
			files = (
			);
			runOnlyForDeploymentPostprocessing = 0;
		};
		18DE684A242DD10600DED407 /* Resources */ = {
			isa = PBXResourcesBuildPhase;
			buildActionMask = 2147483647;
			files = (
			);
			runOnlyForDeploymentPostprocessing = 0;
		};
/* End PBXResourcesBuildPhase section */

/* Begin PBXSourcesBuildPhase section */
		18DE6827242DD10600DED407 /* Sources */ = {
			isa = PBXSourcesBuildPhase;
			buildActionMask = 2147483647;
			files = (
				18DE6833242DD10600DED407 /* ViewController.swift in Sources */,
				18DE682F242DD10600DED407 /* AppDelegate.swift in Sources */,
				18DE6831242DD10600DED407 /* SceneDelegate.swift in Sources */,
			);
			runOnlyForDeploymentPostprocessing = 0;
		};
		18DE683D242DD10600DED407 /* Sources */ = {
			isa = PBXSourcesBuildPhase;
			buildActionMask = 2147483647;
			files = (
				18DE6846242DD10600DED407 /* XylophoneTests.swift in Sources */,
			);
			runOnlyForDeploymentPostprocessing = 0;
		};
		18DE6848242DD10600DED407 /* Sources */ = {
			isa = PBXSourcesBuildPhase;
			buildActionMask = 2147483647;
			files = (
				18DE6851242DD10600DED407 /* XylophoneUITests.swift in Sources */,
			);
			runOnlyForDeploymentPostprocessing = 0;
		};
/* End PBXSourcesBuildPhase section */

/* Begin PBXTargetDependency section */
		18DE6843242DD10600DED407 /* PBXTargetDependency */ = {
			isa = PBXTargetDependency;
			target = 18DE682A242DD10600DED407 /* Xylophone */;
			targetProxy = 18DE6842242DD10600DED407 /* PBXContainerItemProxy */;
		};
		18DE684E242DD10600DED407 /* PBXTargetDependency */ = {
			isa = PBXTargetDependency;
			target = 18DE682A242DD10600DED407 /* Xylophone */;
			targetProxy = 18DE684D242DD10600DED407 /* PBXContainerItemProxy */;
		};
/* End PBXTargetDependency section */

/* Begin PBXVariantGroup section */
		18DE6834242DD10600DED407 /* Main.storyboard */ = {
			isa = PBXVariantGroup;
			children = (
				18DE6835242DD10600DED407 /* Base */,
			);
			name = Main.storyboard;
			sourceTree = "<group>";
		};
		18DE6839242DD10600DED407 /* LaunchScreen.storyboard */ = {
			isa = PBXVariantGroup;
			children = (
				18DE683A242DD10600DED407 /* Base */,
			);
			name = LaunchScreen.storyboard;
			sourceTree = "<group>";
		};
/* End PBXVariantGroup section */

/* Begin XCBuildConfiguration section */
		18DE6853242DD10600DED407 /* Debug */ = {
			isa = XCBuildConfiguration;
			buildSettings = {
				ALWAYS_SEARCH_USER_PATHS = NO;
				CLANG_ANALYZER_NONNULL = YES;
				CLANG_ANALYZER_NUMBER_OBJECT_CONVERSION = YES_AGGRESSIVE;
				CLANG_CXX_LANGUAGE_STANDARD = "gnu++14";
				CLANG_CXX_LIBRARY = "libc++";
				CLANG_ENABLE_MODULES = YES;
				CLANG_ENABLE_OBJC_ARC = YES;
				CLANG_ENABLE_OBJC_WEAK = YES;
				CLANG_WARN_BLOCK_CAPTURE_AUTORELEASING = YES;
				CLANG_WARN_BOOL_CONVERSION = YES;
				CLANG_WARN_COMMA = YES;
				CLANG_WARN_CONSTANT_CONVERSION = YES;
				CLANG_WARN_DEPRECATED_OBJC_IMPLEMENTATIONS = YES;
				CLANG_WARN_DIRECT_OBJC_ISA_USAGE = YES_ERROR;
				CLANG_WARN_DOCUMENTATION_COMMENTS = YES;
				CLANG_WARN_EMPTY_BODY = YES;
				CLANG_WARN_ENUM_CONVERSION = YES;
				CLANG_WARN_INFINITE_RECURSION = YES;
				CLANG_WARN_INT_CONVERSION = YES;
				CLANG_WARN_NON_LITERAL_NULL_CONVERSION = YES;
				CLANG_WARN_OBJC_IMPLICIT_RETAIN_SELF = YES;
				CLANG_WARN_OBJC_LITERAL_CONVERSION = YES;
				CLANG_WARN_OBJC_ROOT_CLASS = YES_ERROR;
				CLANG_WARN_RANGE_LOOP_ANALYSIS = YES;
				CLANG_WARN_STRICT_PROTOTYPES = YES;
				CLANG_WARN_SUSPICIOUS_MOVE = YES;
				CLANG_WARN_UNGUARDED_AVAILABILITY = YES_AGGRESSIVE;
				CLANG_WARN_UNREACHABLE_CODE = YES;
				CLANG_WARN__DUPLICATE_METHOD_MATCH = YES;
				COPY_PHASE_STRIP = NO;
				DEBUG_INFORMATION_FORMAT = dwarf;
				ENABLE_STRICT_OBJC_MSGSEND = YES;
				ENABLE_TESTABILITY = YES;
				GCC_C_LANGUAGE_STANDARD = gnu11;
				GCC_DYNAMIC_NO_PIC = NO;
				GCC_NO_COMMON_BLOCKS = YES;
				GCC_OPTIMIZATION_LEVEL = 0;
				GCC_PREPROCESSOR_DEFINITIONS = (
					"DEBUG=1",
					"$(inherited)",
				);
				GCC_WARN_64_TO_32_BIT_CONVERSION = YES;
				GCC_WARN_ABOUT_RETURN_TYPE = YES_ERROR;
				GCC_WARN_UNDECLARED_SELECTOR = YES;
				GCC_WARN_UNINITIALIZED_AUTOS = YES_AGGRESSIVE;
				GCC_WARN_UNUSED_FUNCTION = YES;
				GCC_WARN_UNUSED_VARIABLE = YES;
				IPHONEOS_DEPLOYMENT_TARGET = 13.4;
				MTL_ENABLE_DEBUG_INFO = INCLUDE_SOURCE;
				MTL_FAST_MATH = YES;
				ONLY_ACTIVE_ARCH = YES;
				SDKROOT = iphoneos;
				SWIFT_ACTIVE_COMPILATION_CONDITIONS = DEBUG;
				SWIFT_OPTIMIZATION_LEVEL = "-Onone";
			};
			name = Debug;
		};
		18DE6854242DD10600DED407 /* Release */ = {
			isa = XCBuildConfiguration;
			buildSettings = {
				ALWAYS_SEARCH_USER_PATHS = NO;
				CLANG_ANALYZER_NONNULL = YES;
				CLANG_ANALYZER_NUMBER_OBJECT_CONVERSION = YES_AGGRESSIVE;
				CLANG_CXX_LANGUAGE_STANDARD = "gnu++14";
				CLANG_CXX_LIBRARY = "libc++";
				CLANG_ENABLE_MODULES = YES;
				CLANG_ENABLE_OBJC_ARC = YES;
				CLANG_ENABLE_OBJC_WEAK = YES;
				CLANG_WARN_BLOCK_CAPTURE_AUTORELEASING = YES;
				CLANG_WARN_BOOL_CONVERSION = YES;
				CLANG_WARN_COMMA = YES;
				CLANG_WARN_CONSTANT_CONVERSION = YES;
				CLANG_WARN_DEPRECATED_OBJC_IMPLEMENTATIONS = YES;
				CLANG_WARN_DIRECT_OBJC_ISA_USAGE = YES_ERROR;
				CLANG_WARN_DOCUMENTATION_COMMENTS = YES;
				CLANG_WARN_EMPTY_BODY = YES;
				CLANG_WARN_ENUM_CONVERSION = YES;
				CLANG_WARN_INFINITE_RECURSION = YES;
				CLANG_WARN_INT_CONVERSION = YES;
				CLANG_WARN_NON_LITERAL_NULL_CONVERSION = YES;
				CLANG_WARN_OBJC_IMPLICIT_RETAIN_SELF = YES;
				CLANG_WARN_OBJC_LITERAL_CONVERSION = YES;
				CLANG_WARN_OBJC_ROOT_CLASS = YES_ERROR;
				CLANG_WARN_RANGE_LOOP_ANALYSIS = YES;
				CLANG_WARN_STRICT_PROTOTYPES = YES;
				CLANG_WARN_SUSPICIOUS_MOVE = YES;
				CLANG_WARN_UNGUARDED_AVAILABILITY = YES_AGGRESSIVE;
				CLANG_WARN_UNREACHABLE_CODE = YES;
				CLANG_WARN__DUPLICATE_METHOD_MATCH = YES;
				COPY_PHASE_STRIP = NO;
				DEBUG_INFORMATION_FORMAT = "dwarf-with-dsym";
				ENABLE_NS_ASSERTIONS = NO;
				ENABLE_STRICT_OBJC_MSGSEND = YES;
				GCC_C_LANGUAGE_STANDARD = gnu11;
				GCC_NO_COMMON_BLOCKS = YES;
				GCC_WARN_64_TO_32_BIT_CONVERSION = YES;
				GCC_WARN_ABOUT_RETURN_TYPE = YES_ERROR;
				GCC_WARN_UNDECLARED_SELECTOR = YES;
				GCC_WARN_UNINITIALIZED_AUTOS = YES_AGGRESSIVE;
				GCC_WARN_UNUSED_FUNCTION = YES;
				GCC_WARN_UNUSED_VARIABLE = YES;
				IPHONEOS_DEPLOYMENT_TARGET = 13.4;
				MTL_ENABLE_DEBUG_INFO = NO;
				MTL_FAST_MATH = YES;
				SDKROOT = iphoneos;
				SWIFT_COMPILATION_MODE = wholemodule;
				SWIFT_OPTIMIZATION_LEVEL = "-O";
				VALIDATE_PRODUCT = YES;
			};
			name = Release;
		};
		18DE6856242DD10600DED407 /* Debug */ = {
			isa = XCBuildConfiguration;
			buildSettings = {
				ASSETCATALOG_COMPILER_APPICON_NAME = AppIcon;
				CODE_SIGN_STYLE = Automatic;
				INFOPLIST_FILE = Xylophone/Info.plist;
				LD_RUNPATH_SEARCH_PATHS = (
					"$(inherited)",
					"@executable_path/Frameworks",
				);
				PRODUCT_BUNDLE_IDENTIFIER = spot.Xylophone;
				PRODUCT_NAME = "$(TARGET_NAME)";
				SWIFT_VERSION = 5.0;
				TARGETED_DEVICE_FAMILY = "1,2";
			};
			name = Debug;
		};
		18DE6857242DD10600DED407 /* Release */ = {
			isa = XCBuildConfiguration;
			buildSettings = {
				ASSETCATALOG_COMPILER_APPICON_NAME = AppIcon;
				CODE_SIGN_STYLE = Automatic;
				INFOPLIST_FILE = Xylophone/Info.plist;
				LD_RUNPATH_SEARCH_PATHS = (
					"$(inherited)",
					"@executable_path/Frameworks",
				);
				PRODUCT_BUNDLE_IDENTIFIER = spot.Xylophone;
				PRODUCT_NAME = "$(TARGET_NAME)";
				SWIFT_VERSION = 5.0;
				TARGETED_DEVICE_FAMILY = "1,2";
			};
			name = Release;
		};
		18DE6859242DD10600DED407 /* Debug */ = {
			isa = XCBuildConfiguration;
			buildSettings = {
				ALWAYS_EMBED_SWIFT_STANDARD_LIBRARIES = YES;
				BUNDLE_LOADER = "$(TEST_HOST)";
				CODE_SIGN_STYLE = Automatic;
				INFOPLIST_FILE = XylophoneTests/Info.plist;
				IPHONEOS_DEPLOYMENT_TARGET = 13.4;
				LD_RUNPATH_SEARCH_PATHS = (
					"$(inherited)",
					"@executable_path/Frameworks",
					"@loader_path/Frameworks",
				);
				PRODUCT_BUNDLE_IDENTIFIER = spot.XylophoneTests;
				PRODUCT_NAME = "$(TARGET_NAME)";
				SWIFT_VERSION = 5.0;
				TARGETED_DEVICE_FAMILY = "1,2";
				TEST_HOST = "$(BUILT_PRODUCTS_DIR)/Xylophone.app/Xylophone";
			};
			name = Debug;
		};
		18DE685A242DD10600DED407 /* Release */ = {
			isa = XCBuildConfiguration;
			buildSettings = {
				ALWAYS_EMBED_SWIFT_STANDARD_LIBRARIES = YES;
				BUNDLE_LOADER = "$(TEST_HOST)";
				CODE_SIGN_STYLE = Automatic;
				INFOPLIST_FILE = XylophoneTests/Info.plist;
				IPHONEOS_DEPLOYMENT_TARGET = 13.4;
				LD_RUNPATH_SEARCH_PATHS = (
					"$(inherited)",
					"@executable_path/Frameworks",
					"@loader_path/Frameworks",
				);
				PRODUCT_BUNDLE_IDENTIFIER = spot.XylophoneTests;
				PRODUCT_NAME = "$(TARGET_NAME)";
				SWIFT_VERSION = 5.0;
				TARGETED_DEVICE_FAMILY = "1,2";
				TEST_HOST = "$(BUILT_PRODUCTS_DIR)/Xylophone.app/Xylophone";
			};
			name = Release;
		};
		18DE685C242DD10600DED407 /* Debug */ = {
			isa = XCBuildConfiguration;
			buildSettings = {
				ALWAYS_EMBED_SWIFT_STANDARD_LIBRARIES = YES;
				CODE_SIGN_STYLE = Automatic;
				INFOPLIST_FILE = XylophoneUITests/Info.plist;
				LD_RUNPATH_SEARCH_PATHS = (
					"$(inherited)",
					"@executable_path/Frameworks",
					"@loader_path/Frameworks",
				);
				PRODUCT_BUNDLE_IDENTIFIER = spot.XylophoneUITests;
				PRODUCT_NAME = "$(TARGET_NAME)";
				SWIFT_VERSION = 5.0;
				TARGETED_DEVICE_FAMILY = "1,2";
				TEST_TARGET_NAME = Xylophone;
			};
			name = Debug;
		};
		18DE685D242DD10600DED407 /* Release */ = {
			isa = XCBuildConfiguration;
			buildSettings = {
				ALWAYS_EMBED_SWIFT_STANDARD_LIBRARIES = YES;
				CODE_SIGN_STYLE = Automatic;
				INFOPLIST_FILE = XylophoneUITests/Info.plist;
				LD_RUNPATH_SEARCH_PATHS = (
					"$(inherited)",
					"@executable_path/Frameworks",
					"@loader_path/Frameworks",
				);
				PRODUCT_BUNDLE_IDENTIFIER = spot.XylophoneUITests;
				PRODUCT_NAME = "$(TARGET_NAME)";
				SWIFT_VERSION = 5.0;
				TARGETED_DEVICE_FAMILY = "1,2";
				TEST_TARGET_NAME = Xylophone;
			};
			name = Release;
		};
/* End XCBuildConfiguration section */

/* Begin XCConfigurationList section */
		18DE6826242DD10600DED407 /* Build configuration list for PBXProject "Xylophone" */ = {
			isa = XCConfigurationList;
			buildConfigurations = (
				18DE6853242DD10600DED407 /* Debug */,
				18DE6854242DD10600DED407 /* Release */,
			);
			defaultConfigurationIsVisible = 0;
			defaultConfigurationName = Release;
		};
		18DE6855242DD10600DED407 /* Build configuration list for PBXNativeTarget "Xylophone" */ = {
			isa = XCConfigurationList;
			buildConfigurations = (
				18DE6856242DD10600DED407 /* Debug */,
				18DE6857242DD10600DED407 /* Release */,
			);
			defaultConfigurationIsVisible = 0;
			defaultConfigurationName = Release;
		};
		18DE6858242DD10600DED407 /* Build configuration list for PBXNativeTarget "XylophoneTests" */ = {
			isa = XCConfigurationList;
			buildConfigurations = (
				18DE6859242DD10600DED407 /* Debug */,
				18DE685A242DD10600DED407 /* Release */,
			);
			defaultConfigurationIsVisible = 0;
			defaultConfigurationName = Release;
		};
		18DE685B242DD10600DED407 /* Build configuration list for PBXNativeTarget "XylophoneUITests" */ = {
			isa = XCConfigurationList;
			buildConfigurations = (
				18DE685C242DD10600DED407 /* Debug */,
				18DE685D242DD10600DED407 /* Release */,
			);
			defaultConfigurationIsVisible = 0;
			defaultConfigurationName = Release;
		};
/* End XCConfigurationList section */
	};
	rootObject = 18DE6823242DD10600DED407 /* Project object */;
}
